
Microsoft Visual Studio Solution File, Format Version 12.00
# Visual Studio Version 16
VisualStudioVersion = 16.0.35325.158
MinimumVisualStudioVersion = 10.0.40219.1
Project("{FAE04EC0-301F-11D3-BF4B-00C04F79EFBC}") = "PSS_CMS", "PSS_CMS\PSS_CMS.csproj", "{5B6F14DB-74E5-4979-989C-86070D7F0782}"
EndProject
Global
	GlobalSection(SolutionConfigurationPlatforms) = preSolution
		Debug|Any CPU = Debug|Any CPU
		Release|Any CPU = Release|Any CPU
	EndGlobalSection
	GlobalSection(ProjectConfigurationPlatforms) = postSolution
		{5B6F14DB-74E5-4979-989C-86070D7F0782}.Debug|Any CPU.ActiveCfg = Debug|Any CPU
		{5B6F14DB-74E5-4979-989C-86070D7F0782}.Debug|Any CPU.Build.0 = Debug|Any CPU
		{5B6F14DB-74E5-4979-989C-86070D7F0782}.Release|Any CPU.ActiveCfg = Release|Any CPU
		{5B6F14DB-74E5-4979-989C-86070D7F0782}.Release|Any CPU.Build.0 = Release|Any CPU
	EndGlobalSection
	GlobalSection(SolutionProperties) = preSolution
		HideSolutionNode = FALSE
	EndGlobalSection
	GlobalSection(ExtensibilityGlobals) = postSolution
		SolutionGuid = {85EE68E9-1F57-4A79-BD3A-6F4E0438CC8E}
	EndGlobalSection
EndGlobal
